uuid: f719e2be-ae58-4495-894f-05d6c2412559
langcode: en
status: true
dependencies:
  module:
    - dcnyc_pantheon
  theme:
    - olivero
id: pantheonlinkblock
theme: olivero
region: footer_bottom
weight: -7
provider: null
plugin: pantheon_link_block
settings:
  id: pantheon_link_block
  label: 'Pantheon link block'
  label_display: '0'
  provider: dcnyc_pantheon
  pantheon_url: 'https://pantheon.io'
visibility: {  }
